
Microsoft Visual Studio Solution File, Format Version 12.00
# Visual Studio 2015
Project("{FAE04EC0-301F-11D3-BF4B-00C04F79EFBC}") = "TeleportationGame.CSharp.Plugins", "TeleportationGame.CSharp.Plugins.csproj", "{4A95CE61-F504-178B-A7C0-8A75F86C2565}"
EndProject
Project("{FAE04EC0-301F-11D3-BF4B-00C04F79EFBC}") = "TeleportationGame.CSharp", "TeleportationGame.CSharp.csproj", "{57CB6DD3-6192-7DBD-A224-02A169F262A4}"
EndProject
Project("{FAE04EC0-301F-11D3-BF4B-00C04F79EFBC}") = "TeleportationGame.CSharp.Editor", "TeleportationGame.CSharp.Editor.csproj", "{C40BE7E0-3F04-1CAB-1E7B-5C21199A91C9}"
EndProject
Global
	GlobalSection(SolutionConfigurationPlatforms) = preSolution
		Debug|Any CPU = Debug|Any CPU
		Release|Any CPU = Release|Any CPU
	EndGlobalSection
	GlobalSection(ProjectConfigurationPlatforms) = postSolution
		{4A95CE61-F504-178B-A7C0-8A75F86C2565}.Debug|Any CPU.ActiveCfg = Debug|Any CPU
		{4A95CE61-F504-178B-A7C0-8A75F86C2565}.Debug|Any CPU.Build.0 = Debug|Any CPU
		{4A95CE61-F504-178B-A7C0-8A75F86C2565}.Release|Any CPU.ActiveCfg = Release|Any CPU
		{4A95CE61-F504-178B-A7C0-8A75F86C2565}.Release|Any CPU.Build.0 = Release|Any CPU
		{57CB6DD3-6192-7DBD-A224-02A169F262A4}.Debug|Any CPU.ActiveCfg = Debug|Any CPU
		{57CB6DD3-6192-7DBD-A224-02A169F262A4}.Debug|Any CPU.Build.0 = Debug|Any CPU
		{57CB6DD3-6192-7DBD-A224-02A169F262A4}.Release|Any CPU.ActiveCfg = Release|Any CPU
		{57CB6DD3-6192-7DBD-A224-02A169F262A4}.Release|Any CPU.Build.0 = Release|Any CPU
		{C40BE7E0-3F04-1CAB-1E7B-5C21199A91C9}.Debug|Any CPU.ActiveCfg = Debug|Any CPU
		{C40BE7E0-3F04-1CAB-1E7B-5C21199A91C9}.Debug|Any CPU.Build.0 = Debug|Any CPU
		{C40BE7E0-3F04-1CAB-1E7B-5C21199A91C9}.Release|Any CPU.ActiveCfg = Release|Any CPU
		{C40BE7E0-3F04-1CAB-1E7B-5C21199A91C9}.Release|Any CPU.Build.0 = Release|Any CPU
	EndGlobalSection
	GlobalSection(SolutionProperties) = preSolution
		HideSolutionNode = FALSE
	EndGlobalSection
EndGlobal
